
Microsoft Visual Studio Solution File, Format Version 12.00
# Visual Studio Version 16
VisualStudioVersion = 16.0.30104.148
MinimumVisualStudioVersion = 10.0.40219.1
Project("{FAE04EC0-301F-11D3-BF4B-00C04F79EFBC}") = "SistemeTeShperndaraGR7", "SistemeTeShperndaraGR7.csproj", "{0DC80B19-C129-4979-8D76-132CF530EA84}"
EndProject
Project("{FAE04EC0-301F-11D3-BF4B-00C04F79EFBC}") = "SistemeTeShperndaraGR7.Database", "..\SistemeTeShperndaraGR7.Database\SistemeTeShperndaraGR7.Database.csproj", "{CAD2E79F-A20D-4F2B-AC1A-9C86FF6C6FA6}"
EndProject
Project("{FAE04EC0-301F-11D3-BF4B-00C04F79EFBC}") = "TestingOnly", "..\TestingOnly\TestingOnly.csproj", "{940D706A-A989-4473-91F6-7CDF98C39E23}"
EndProject
Global
	GlobalSection(SolutionConfigurationPlatforms) = preSolution
		Debug|Any CPU = Debug|Any CPU
		Release|Any CPU = Release|Any CPU
	EndGlobalSection
	GlobalSection(ProjectConfigurationPlatforms) = postSolution
		{0DC80B19-C129-4979-8D76-132CF530EA84}.Debug|Any CPU.ActiveCfg = Debug|Any CPU
		{0DC80B19-C129-4979-8D76-132CF530EA84}.Debug|Any CPU.Build.0 = Debug|Any CPU
		{0DC80B19-C129-4979-8D76-132CF530EA84}.Release|Any CPU.ActiveCfg = Release|Any CPU
		{0DC80B19-C129-4979-8D76-132CF530EA84}.Release|Any CPU.Build.0 = Release|Any CPU
		{CAD2E79F-A20D-4F2B-AC1A-9C86FF6C6FA6}.Debug|Any CPU.ActiveCfg = Debug|Any CPU
		{CAD2E79F-A20D-4F2B-AC1A-9C86FF6C6FA6}.Debug|Any CPU.Build.0 = Debug|Any CPU
		{CAD2E79F-A20D-4F2B-AC1A-9C86FF6C6FA6}.Release|Any CPU.ActiveCfg = Release|Any CPU
		{CAD2E79F-A20D-4F2B-AC1A-9C86FF6C6FA6}.Release|Any CPU.Build.0 = Release|Any CPU
		{940D706A-A989-4473-91F6-7CDF98C39E23}.Debug|Any CPU.ActiveCfg = Debug|Any CPU
		{940D706A-A989-4473-91F6-7CDF98C39E23}.Debug|Any CPU.Build.0 = Debug|Any CPU
		{940D706A-A989-4473-91F6-7CDF98C39E23}.Release|Any CPU.ActiveCfg = Release|Any CPU
		{940D706A-A989-4473-91F6-7CDF98C39E23}.Release|Any CPU.Build.0 = Release|Any CPU
	EndGlobalSection
	GlobalSection(SolutionProperties) = preSolution
		HideSolutionNode = FALSE
	EndGlobalSection
	GlobalSection(ExtensibilityGlobals) = postSolution
		SolutionGuid = {D45E4533-A131-4573-9892-6B79D9B50FC1}
	EndGlobalSection
EndGlobal
